
Microsoft Visual Studio Solution File, Format Version 12.00
# Visual Studio Version 17
VisualStudioVersion = 17.6.33815.320
MinimumVisualStudioVersion = 10.0.40219.1
Project("{FAE04EC0-301F-11D3-BF4B-00C04F79EFBC}") = "Mediator", "Mediator.csproj", "{BCA814BB-60D9-4462-BF01-1B5700A17F1F}"
EndProject
Global
	GlobalSection(SolutionConfigurationPlatforms) = preSolution
		Debug|Any CPU = Debug|Any CPU
		Release|Any CPU = Release|Any CPU
	EndGlobalSection
	GlobalSection(ProjectConfigurationPlatforms) = postSolution
		{BCA814BB-60D9-4462-BF01-1B5700A17F1F}.Debug|Any CPU.ActiveCfg = Debug|Any CPU
		{BCA814BB-60D9-4462-BF01-1B5700A17F1F}.Debug|Any CPU.Build.0 = Debug|Any CPU
		{BCA814BB-60D9-4462-BF01-1B5700A17F1F}.Release|Any CPU.ActiveCfg = Release|Any CPU
		{BCA814BB-60D9-4462-BF01-1B5700A17F1F}.Release|Any CPU.Build.0 = Release|Any CPU
	EndGlobalSection
	GlobalSection(SolutionProperties) = preSolution
		HideSolutionNode = FALSE
	EndGlobalSection
	GlobalSection(ExtensibilityGlobals) = postSolution
		SolutionGuid = {DC8F0FA5-2982-41EF-9120-35DFC0F78509}
	EndGlobalSection
EndGlobal
